
Microsoft Visual Studio Solution File, Format Version 12.00
# Visual Studio Version 16
VisualStudioVersion = 16.0.810.13
MinimumVisualStudioVersion = 10.0.40219.1
Project("{FAE04EC0-301F-11D3-BF4B-00C04F79EFBC}") = "BrailleOrder", "BrailleOrder\BrailleOrder.csproj", "{EB373657-577F-4959-BB28-443B9C6D9269}"
EndProject
Global
	GlobalSection(SolutionConfigurationPlatforms) = preSolution
		Debug|Any CPU = Debug|Any CPU
		Release|Any CPU = Release|Any CPU
	EndGlobalSection
	GlobalSection(ProjectConfigurationPlatforms) = postSolution
		{EB373657-577F-4959-BB28-443B9C6D9269}.Debug|Any CPU.ActiveCfg = Debug|Any CPU
		{EB373657-577F-4959-BB28-443B9C6D9269}.Debug|Any CPU.Build.0 = Debug|Any CPU
		{EB373657-577F-4959-BB28-443B9C6D9269}.Release|Any CPU.ActiveCfg = Release|Any CPU
		{EB373657-577F-4959-BB28-443B9C6D9269}.Release|Any CPU.Build.0 = Release|Any CPU
	EndGlobalSection
	GlobalSection(SolutionProperties) = preSolution
		HideSolutionNode = FALSE
	EndGlobalSection
	GlobalSection(ExtensibilityGlobals) = postSolution
		SolutionGuid = {20D8F5A5-13CC-4B86-AEB2-B8BB065A55E6}
	EndGlobalSection
EndGlobal
