Microsoft Visual Studio Solution File, Format Version 12.00
# Visual Studio Version 16
VisualStudioVersion = 16.0.810.13
MinimumVisualStudioVersion = 10.0.40219.1
Project("{FAE04EC0-301F-11D3-BF4B-00C04F79EFBC}") = "BrailleSort", "BrailleSort\BrailleSort.csproj", "{4196F6E3-1EB7-483E-8D7D-A306013ED1D4}"
EndProject
Project("{FAE04EC0-301F-11D3-BF4B-00C04F79EFBC}") = "BrailleSort.CLI", "BrailleSort.CLI\BrailleSort.CLI.csproj", "{49E6DA91-7254-4655-84B8-61718C9D11C2}"
EndProject
Project("{FAE04EC0-301F-11D3-BF4B-00C04F79EFBC}") = "BrailleSymbols.API", "..\BrailleSymbols\BrailleSymbols.API\BrailleSymbols.API.csproj", "{FECCBBFE-3C7F-4FA0-AB0E-8DB6C7BE4AD7}"
EndProject
Project("{FAE04EC0-301F-11D3-BF4B-00C04F79EFBC}") = "BrailleSymbols.Data", "..\BrailleSymbols\BrailleSymbols.Data\BrailleSymbols.Data.csproj", "{74FD2AB2-F02F-4C64-A879-B964AA90348C}"
EndProject
Global
	GlobalSection(SolutionConfigurationPlatforms) = preSolution
		Debug|Any CPU = Debug|Any CPU
		Release|Any CPU = Release|Any CPU
	EndGlobalSection
	GlobalSection(ProjectConfigurationPlatforms) = postSolution
		{87968AD2-A9A7-462C-8ACC-B565228BFA9F}.Debug|Any CPU.ActiveCfg = Debug|Any CPU
		{87968AD2-A9A7-462C-8ACC-B565228BFA9F}.Debug|Any CPU.Build.0 = Debug|Any CPU
		{87968AD2-A9A7-462C-8ACC-B565228BFA9F}.Release|Any CPU.ActiveCfg = Release|Any CPU
		{87968AD2-A9A7-462C-8ACC-B565228BFA9F}.Release|Any CPU.Build.0 = Release|Any CPU
		{4196F6E3-1EB7-483E-8D7D-A306013ED1D4}.Debug|Any CPU.ActiveCfg = Debug|Any CPU
		{4196F6E3-1EB7-483E-8D7D-A306013ED1D4}.Debug|Any CPU.Build.0 = Debug|Any CPU
		{4196F6E3-1EB7-483E-8D7D-A306013ED1D4}.Release|Any CPU.ActiveCfg = Release|Any CPU
		{4196F6E3-1EB7-483E-8D7D-A306013ED1D4}.Release|Any CPU.Build.0 = Release|Any CPU
		{49E6DA91-7254-4655-84B8-61718C9D11C2}.Debug|Any CPU.ActiveCfg = Debug|Any CPU
		{49E6DA91-7254-4655-84B8-61718C9D11C2}.Debug|Any CPU.Build.0 = Debug|Any CPU
		{49E6DA91-7254-4655-84B8-61718C9D11C2}.Release|Any CPU.ActiveCfg = Release|Any CPU
		{49E6DA91-7254-4655-84B8-61718C9D11C2}.Release|Any CPU.Build.0 = Release|Any CPU
		{FECCBBFE-3C7F-4FA0-AB0E-8DB6C7BE4AD7}.Debug|Any CPU.ActiveCfg = Debug|Any CPU
		{FECCBBFE-3C7F-4FA0-AB0E-8DB6C7BE4AD7}.Debug|Any CPU.Build.0 = Debug|Any CPU
		{FECCBBFE-3C7F-4FA0-AB0E-8DB6C7BE4AD7}.Release|Any CPU.ActiveCfg = Release|Any CPU
		{FECCBBFE-3C7F-4FA0-AB0E-8DB6C7BE4AD7}.Release|Any CPU.Build.0 = Release|Any CPU
		{74FD2AB2-F02F-4C64-A879-B964AA90348C}.Debug|Any CPU.ActiveCfg = Debug|Any CPU
		{74FD2AB2-F02F-4C64-A879-B964AA90348C}.Debug|Any CPU.Build.0 = Debug|Any CPU
		{74FD2AB2-F02F-4C64-A879-B964AA90348C}.Release|Any CPU.ActiveCfg = Release|Any CPU
		{74FD2AB2-F02F-4C64-A879-B964AA90348C}.Release|Any CPU.Build.0 = Release|Any CPU
	EndGlobalSection
	GlobalSection(SolutionProperties) = preSolution
		HideSolutionNode = FALSE
	EndGlobalSection
	GlobalSection(ExtensibilityGlobals) = postSolution
		SolutionGuid = {20D8F5A5-13CC-4B86-AEB2-B8BB065A55E6}
	EndGlobalSection
EndGlobal
