Microsoft Visual Studio Solution File, Format Version 12.00
# Visual Studio Version 16
VisualStudioVersion = 16.0.810.13
MinimumVisualStudioVersion = 10.0.40219.1
Project("{9A19103F-16F7-4668-BE54-9A1E7A4F7556}") = "BrailleSortLibrary", "BrailleSortLibrary\BrailleSortLibrary.csproj", "{F84E11CD-091B-4C30-B1C9-E163B45D3096}"
EndProject
Project("{9A19103F-16F7-4668-BE54-9A1E7A4F7556}") = "SQLServerUI", "SQLServerUI\SQLServerUI.csproj", "{87968AD2-A9A7-462C-8ACC-B565228BFA9F}"
EndProject
Project("{9A19103F-16F7-4668-BE54-9A1E7A4F7556}") = "BrailleSort", "BrailleSort\BrailleSort.csproj", "{7A9D469B-FA85-472A-8FC9-899662EACF47}"
EndProject
Project("{00D1A9C2-B5F0-4AF3-8072-F6C62B433612}") = "BrailleSortDb", "BrailleSortDb\BrailleSortDb.sqlproj", "{DF526457-634C-4747-9E8A-F85813B00A7A}"
EndProject
Project("{FAE04EC0-301F-11D3-BF4B-00C04F79EFBC}") = "BrailleSortUI", "BrailleSortUI\BrailleSortUI.csproj", "{4196F6E3-1EB7-483E-8D7D-A306013ED1D4}"
EndProject
Global
	GlobalSection(SolutionConfigurationPlatforms) = preSolution
		Debug|Any CPU = Debug|Any CPU
		Release|Any CPU = Release|Any CPU
	EndGlobalSection
	GlobalSection(ProjectConfigurationPlatforms) = postSolution
		{F84E11CD-091B-4C30-B1C9-E163B45D3096}.Debug|Any CPU.ActiveCfg = Debug|Any CPU
		{F84E11CD-091B-4C30-B1C9-E163B45D3096}.Debug|Any CPU.Build.0 = Debug|Any CPU
		{F84E11CD-091B-4C30-B1C9-E163B45D3096}.Release|Any CPU.ActiveCfg = Release|Any CPU
		{F84E11CD-091B-4C30-B1C9-E163B45D3096}.Release|Any CPU.Build.0 = Release|Any CPU
		{87968AD2-A9A7-462C-8ACC-B565228BFA9F}.Debug|Any CPU.ActiveCfg = Debug|Any CPU
		{87968AD2-A9A7-462C-8ACC-B565228BFA9F}.Debug|Any CPU.Build.0 = Debug|Any CPU
		{87968AD2-A9A7-462C-8ACC-B565228BFA9F}.Release|Any CPU.ActiveCfg = Release|Any CPU
		{87968AD2-A9A7-462C-8ACC-B565228BFA9F}.Release|Any CPU.Build.0 = Release|Any CPU
		{7A9D469B-FA85-472A-8FC9-899662EACF47}.Debug|Any CPU.ActiveCfg = Debug|Any CPU
		{7A9D469B-FA85-472A-8FC9-899662EACF47}.Debug|Any CPU.Build.0 = Debug|Any CPU
		{7A9D469B-FA85-472A-8FC9-899662EACF47}.Release|Any CPU.ActiveCfg = Release|Any CPU
		{7A9D469B-FA85-472A-8FC9-899662EACF47}.Release|Any CPU.Build.0 = Release|Any CPU
		{DF526457-634C-4747-9E8A-F85813B00A7A}.Debug|Any CPU.ActiveCfg = Debug|Any CPU
		{DF526457-634C-4747-9E8A-F85813B00A7A}.Debug|Any CPU.Build.0 = Debug|Any CPU
		{DF526457-634C-4747-9E8A-F85813B00A7A}.Debug|Any CPU.Deploy.0 = Debug|Any CPU
		{DF526457-634C-4747-9E8A-F85813B00A7A}.Release|Any CPU.ActiveCfg = Release|Any CPU
		{DF526457-634C-4747-9E8A-F85813B00A7A}.Release|Any CPU.Build.0 = Release|Any CPU
		{DF526457-634C-4747-9E8A-F85813B00A7A}.Release|Any CPU.Deploy.0 = Release|Any CPU
		{4196F6E3-1EB7-483E-8D7D-A306013ED1D4}.Debug|Any CPU.ActiveCfg = Debug|Any CPU
		{4196F6E3-1EB7-483E-8D7D-A306013ED1D4}.Debug|Any CPU.Build.0 = Debug|Any CPU
		{4196F6E3-1EB7-483E-8D7D-A306013ED1D4}.Release|Any CPU.ActiveCfg = Release|Any CPU
		{4196F6E3-1EB7-483E-8D7D-A306013ED1D4}.Release|Any CPU.Build.0 = Release|Any CPU
	EndGlobalSection
	GlobalSection(SolutionProperties) = preSolution
		HideSolutionNode = FALSE
	EndGlobalSection
	GlobalSection(ExtensibilityGlobals) = postSolution
		SolutionGuid = {20D8F5A5-13CC-4B86-AEB2-B8BB065A55E6}
	EndGlobalSection
EndGlobal
