Microsoft Visual Studio Solution File, Format Version 12.00
# Visual Studio Version 16
VisualStudioVersion = 16.0.810.13
MinimumVisualStudioVersion = 10.0.40219.1
Project("{9A19103F-16F7-4668-BE54-9A1E7A4F7556}") = "BrailleSort", "BrailleSort\BrailleSort.csproj", "{EB373657-577F-4959-BB28-443B9C6D9269}"
EndProject
Project("{9A19103F-16F7-4668-BE54-9A1E7A4F7556}") = "DataAccessLibrary", "DataAccessLibrary\DataAccessLibrary.csproj", "{7A09FAA6-936F-4173-921B-4611BC24754B}"
EndProject
Project("{9A19103F-16F7-4668-BE54-9A1E7A4F7556}") = "SQLServerUI", "SQLServerUI\SQLServerUI.csproj", "{75383D18-16AF-427A-8C90-020BFBEB359B}"
EndProject
Project("{00D1A9C2-B5F0-4AF3-8072-F6C62B433612}") = "BrailleSortDb", "BrailleSortDb\BrailleSortDb.sqlproj", "{91B1A6BB-2565-494B-B79F-730989F1F60B}"
EndProject
Global
	GlobalSection(SolutionConfigurationPlatforms) = preSolution
		Debug|Any CPU = Debug|Any CPU
		Release|Any CPU = Release|Any CPU
	EndGlobalSection
	GlobalSection(ProjectConfigurationPlatforms) = postSolution
		{EB373657-577F-4959-BB28-443B9C6D9269}.Debug|Any CPU.ActiveCfg = Debug|Any CPU
		{EB373657-577F-4959-BB28-443B9C6D9269}.Debug|Any CPU.Build.0 = Debug|Any CPU
		{EB373657-577F-4959-BB28-443B9C6D9269}.Release|Any CPU.ActiveCfg = Release|Any CPU
		{EB373657-577F-4959-BB28-443B9C6D9269}.Release|Any CPU.Build.0 = Release|Any CPU
		{7A09FAA6-936F-4173-921B-4611BC24754B}.Debug|Any CPU.ActiveCfg = Debug|Any CPU
		{7A09FAA6-936F-4173-921B-4611BC24754B}.Debug|Any CPU.Build.0 = Debug|Any CPU
		{7A09FAA6-936F-4173-921B-4611BC24754B}.Release|Any CPU.ActiveCfg = Release|Any CPU
		{7A09FAA6-936F-4173-921B-4611BC24754B}.Release|Any CPU.Build.0 = Release|Any CPU
		{75383D18-16AF-427A-8C90-020BFBEB359B}.Debug|Any CPU.ActiveCfg = Debug|Any CPU
		{75383D18-16AF-427A-8C90-020BFBEB359B}.Debug|Any CPU.Build.0 = Debug|Any CPU
		{75383D18-16AF-427A-8C90-020BFBEB359B}.Release|Any CPU.ActiveCfg = Release|Any CPU
		{75383D18-16AF-427A-8C90-020BFBEB359B}.Release|Any CPU.Build.0 = Release|Any CPU
		{91B1A6BB-2565-494B-B79F-730989F1F60B}.Debug|Any CPU.ActiveCfg = Debug|Any CPU
		{91B1A6BB-2565-494B-B79F-730989F1F60B}.Debug|Any CPU.Build.0 = Debug|Any CPU
		{91B1A6BB-2565-494B-B79F-730989F1F60B}.Debug|Any CPU.Deploy.0 = Debug|Any CPU
		{91B1A6BB-2565-494B-B79F-730989F1F60B}.Release|Any CPU.ActiveCfg = Release|Any CPU
		{91B1A6BB-2565-494B-B79F-730989F1F60B}.Release|Any CPU.Build.0 = Release|Any CPU
		{91B1A6BB-2565-494B-B79F-730989F1F60B}.Release|Any CPU.Deploy.0 = Release|Any CPU
	EndGlobalSection
	GlobalSection(SolutionProperties) = preSolution
		HideSolutionNode = FALSE
	EndGlobalSection
	GlobalSection(ExtensibilityGlobals) = postSolution
		SolutionGuid = {20D8F5A5-13CC-4B86-AEB2-B8BB065A55E6}
	EndGlobalSection
EndGlobal
